// !$*UTF8*$!
{
	archiveVersion = 1;
	classes = {
	};
	objectVersion = 50;
	objects = {

/* Begin PBXBuildFile section */
		9B71A79620B4CC880053AF97 /* ArticleListPresenter.swift in Sources */ = {isa = PBXBuildFile; fileRef = 9B71A79520B4CC880053AF97 /* ArticleListPresenter.swift */; };
		9B71A79820B5CF440053AF97 /* Logic.swift in Sources */ = {isa = PBXBuildFile; fileRef = 9B71A79720B5CF440053AF97 /* Logic.swift */; };
		9B71A79C20B5DDA50053AF97 /* ArticleTableViewCell.swift in Sources */ = {isa = PBXBuildFile; fileRef = 9B71A79A20B5DDA50053AF97 /* ArticleTableViewCell.swift */; };
		9B71A79D20B5DDA50053AF97 /* ArticleTableViewCell.xib in Resources */ = {isa = PBXBuildFile; fileRef = 9B71A79B20B5DDA50053AF97 /* ArticleTableViewCell.xib */; };
		9B98349D20B5F9AD00F46745 /* MBProgressHUD.framework in Frameworks */ = {isa = PBXBuildFile; fileRef = 9B98349B20B5F9AD00F46745 /* MBProgressHUD.framework */; };
		9B98349E20B5F9AD00F46745 /* SDWebImage.framework in Frameworks */ = {isa = PBXBuildFile; fileRef = 9B98349C20B5F9AD00F46745 /* SDWebImage.framework */; };
		9B9834A120B5FEE200F46745 /* ArticleDetailPresenter.swift in Sources */ = {isa = PBXBuildFile; fileRef = 9B9834A020B5FEE200F46745 /* ArticleDetailPresenter.swift */; };
		9B9834A320B604C200F46745 /* DummyRestPlugin.swift in Sources */ = {isa = PBXBuildFile; fileRef = 9B9834A220B604C200F46745 /* DummyRestPlugin.swift */; };
		9B9834A420B604E500F46745 /* RestPluginProtocol.swift in Sources */ = {isa = PBXBuildFile; fileRef = 9BD9BF4D20B38497005336A9 /* RestPluginProtocol.swift */; };
		9B9834A520B604EA00F46745 /* DisplayArticleListInteractor.swift in Sources */ = {isa = PBXBuildFile; fileRef = 9BD9BF3F20B37565005336A9 /* DisplayArticleListInteractor.swift */; };
		9B9834A620B604ED00F46745 /* ArticlesGateway.swift in Sources */ = {isa = PBXBuildFile; fileRef = 9BD9BF3C20B36439005336A9 /* ArticlesGateway.swift */; };
		9B9834A720B604F000F46745 /* Article.swift in Sources */ = {isa = PBXBuildFile; fileRef = 9BD9BF3920B361B8005336A9 /* Article.swift */; };
		9B9834A920B607E800F46745 /* testJson.json in Resources */ = {isa = PBXBuildFile; fileRef = 9B9834A820B607E800F46745 /* testJson.json */; };
		9B9834AA20B6097300F46745 /* ApiArticlesGateway.swift in Sources */ = {isa = PBXBuildFile; fileRef = 9BD9BF4A20B38433005336A9 /* ApiArticlesGateway.swift */; };
		9B9834AB20B6098D00F46745 /* Constants.swift in Sources */ = {isa = PBXBuildFile; fileRef = 9BD9BF5220B4AA05005336A9 /* Constants.swift */; };
		9B9834AD20B6103D00F46745 /* ArticleListPresenterTests.swift in Sources */ = {isa = PBXBuildFile; fileRef = 9B9834AC20B6103D00F46745 /* ArticleListPresenterTests.swift */; };
		9B9834AE20B6114800F46745 /* ArticleListPresenter.swift in Sources */ = {isa = PBXBuildFile; fileRef = 9B71A79520B4CC880053AF97 /* ArticleListPresenter.swift */; };
		9B9834AF20B6115600F46745 /* Logic.swift in Sources */ = {isa = PBXBuildFile; fileRef = 9B71A79720B5CF440053AF97 /* Logic.swift */; };
		9B9834B020B6116100F46745 /* PluginFactory.swift in Sources */ = {isa = PBXBuildFile; fileRef = 9BD9BF4420B382AB005336A9 /* PluginFactory.swift */; };
		9B9834B120B6116500F46745 /* GatewayFactory.swift in Sources */ = {isa = PBXBuildFile; fileRef = 9BD9BF4820B382E7005336A9 /* GatewayFactory.swift */; };
		9B9834B220B6116B00F46745 /* DefaultRestPlugin.swift in Sources */ = {isa = PBXBuildFile; fileRef = 9BD9BF4C20B38497005336A9 /* DefaultRestPlugin.swift */; };
		9BD9BF0820B36073005336A9 /* AppDelegate.swift in Sources */ = {isa = PBXBuildFile; fileRef = 9BD9BF0720B36073005336A9 /* AppDelegate.swift */; };
		9BD9BF0A20B36073005336A9 /* ArticleListViewController.swift in Sources */ = {isa = PBXBuildFile; fileRef = 9BD9BF0920B36073005336A9 /* ArticleListViewController.swift */; };
		9BD9BF0C20B36073005336A9 /* ArticleDetailViewController.swift in Sources */ = {isa = PBXBuildFile; fileRef = 9BD9BF0B20B36073005336A9 /* ArticleDetailViewController.swift */; };
		9BD9BF0F20B36073005336A9 /* Main.storyboard in Resources */ = {isa = PBXBuildFile; fileRef = 9BD9BF0D20B36073005336A9 /* Main.storyboard */; };
		9BD9BF1120B36075005336A9 /* Assets.xcassets in Resources */ = {isa = PBXBuildFile; fileRef = 9BD9BF1020B36075005336A9 /* Assets.xcassets */; };
		9BD9BF1420B36075005336A9 /* LaunchScreen.storyboard in Resources */ = {isa = PBXBuildFile; fileRef = 9BD9BF1220B36075005336A9 /* LaunchScreen.storyboard */; };
		9BD9BF1F20B36075005336A9 /* NYTimesReaderTests.swift in Sources */ = {isa = PBXBuildFile; fileRef = 9BD9BF1E20B36075005336A9 /* NYTimesReaderTests.swift */; };
		9BD9BF2A20B36075005336A9 /* NYTimesReaderUITests.swift in Sources */ = {isa = PBXBuildFile; fileRef = 9BD9BF2920B36075005336A9 /* NYTimesReaderUITests.swift */; };
		9BD9BF3A20B361B8005336A9 /* Article.swift in Sources */ = {isa = PBXBuildFile; fileRef = 9BD9BF3920B361B8005336A9 /* Article.swift */; };
		9BD9BF3D20B36439005336A9 /* ArticlesGateway.swift in Sources */ = {isa = PBXBuildFile; fileRef = 9BD9BF3C20B36439005336A9 /* ArticlesGateway.swift */; };
		9BD9BF4020B37565005336A9 /* DisplayArticleListInteractor.swift in Sources */ = {isa = PBXBuildFile; fileRef = 9BD9BF3F20B37565005336A9 /* DisplayArticleListInteractor.swift */; };
		9BD9BF4520B382AB005336A9 /* PluginFactory.swift in Sources */ = {isa = PBXBuildFile; fileRef = 9BD9BF4420B382AB005336A9 /* PluginFactory.swift */; };
		9BD9BF4920B382E7005336A9 /* GatewayFactory.swift in Sources */ = {isa = PBXBuildFile; fileRef = 9BD9BF4820B382E7005336A9 /* GatewayFactory.swift */; };
		9BD9BF4B20B38433005336A9 /* ApiArticlesGateway.swift in Sources */ = {isa = PBXBuildFile; fileRef = 9BD9BF4A20B38433005336A9 /* ApiArticlesGateway.swift */; };
		9BD9BF4E20B38497005336A9 /* DefaultRestPlugin.swift in Sources */ = {isa = PBXBuildFile; fileRef = 9BD9BF4C20B38497005336A9 /* DefaultRestPlugin.swift */; };
		9BD9BF4F20B38497005336A9 /* RestPluginProtocol.swift in Sources */ = {isa = PBXBuildFile; fileRef = 9BD9BF4D20B38497005336A9 /* RestPluginProtocol.swift */; };
		9BD9BF5320B4AA05005336A9 /* Constants.swift in Sources */ = {isa = PBXBuildFile; fileRef = 9BD9BF5220B4AA05005336A9 /* Constants.swift */; };
/* End PBXBuildFile section */

/* Begin PBXContainerItemProxy section */
		9BD9BF1B20B36075005336A9 /* PBXContainerItemProxy */ = {
			isa = PBXContainerItemProxy;
			containerPortal = 9BD9BEFC20B36073005336A9 /* Project object */;
			proxyType = 1;
			remoteGlobalIDString = 9BD9BF0320B36073005336A9;
			remoteInfo = NYTimesReader;
		};
		9BD9BF2620B36075005336A9 /* PBXContainerItemProxy */ = {
			isa = PBXContainerItemProxy;
			containerPortal = 9BD9BEFC20B36073005336A9 /* Project object */;
			proxyType = 1;
			remoteGlobalIDString = 9BD9BF0320B36073005336A9;
			remoteInfo = NYTimesReader;
		};
/* End PBXContainerItemProxy section */

/* Begin PBXFileReference section */
		9B71A79520B4CC880053AF97 /* ArticleListPresenter.swift */ = {isa = PBXFileReference; lastKnownFileType = sourcecode.swift; path = ArticleListPresenter.swift; sourceTree = "<group>"; };
		9B71A79720B5CF440053AF97 /* Logic.swift */ = {isa = PBXFileReference; lastKnownFileType = sourcecode.swift; path = Logic.swift; sourceTree = "<group>"; };
		9B71A79A20B5DDA50053AF97 /* ArticleTableViewCell.swift */ = {isa = PBXFileReference; lastKnownFileType = sourcecode.swift; path = ArticleTableViewCell.swift; sourceTree = "<group>"; };
		9B71A79B20B5DDA50053AF97 /* ArticleTableViewCell.xib */ = {isa = PBXFileReference; lastKnownFileType = file.xib; path = ArticleTableViewCell.xib; sourceTree = "<group>"; };
		9B98349B20B5F9AD00F46745 /* MBProgressHUD.framework */ = {isa = PBXFileReference; lastKnownFileType = wrapper.framework; name = MBProgressHUD.framework; path = Carthage/Build/iOS/MBProgressHUD.framework; sourceTree = "<group>"; };
		9B98349C20B5F9AD00F46745 /* SDWebImage.framework */ = {isa = PBXFileReference; lastKnownFileType = wrapper.framework; name = SDWebImage.framework; path = Carthage/Build/iOS/SDWebImage.framework; sourceTree = "<group>"; };
		9B9834A020B5FEE200F46745 /* ArticleDetailPresenter.swift */ = {isa = PBXFileReference; lastKnownFileType = sourcecode.swift; path = ArticleDetailPresenter.swift; sourceTree = "<group>"; };
		9B9834A220B604C200F46745 /* DummyRestPlugin.swift */ = {isa = PBXFileReference; lastKnownFileType = sourcecode.swift; path = DummyRestPlugin.swift; sourceTree = "<group>"; };
		9B9834A820B607E800F46745 /* testJson.json */ = {isa = PBXFileReference; explicitFileType = text.json; path = testJson.json; sourceTree = "<group>"; };
		9B9834AC20B6103D00F46745 /* ArticleListPresenterTests.swift */ = {isa = PBXFileReference; lastKnownFileType = sourcecode.swift; path = ArticleListPresenterTests.swift; sourceTree = "<group>"; };
		9BD9BF0420B36073005336A9 /* NYTimesReader.app */ = {isa = PBXFileReference; explicitFileType = wrapper.application; includeInIndex = 0; path = NYTimesReader.app; sourceTree = BUILT_PRODUCTS_DIR; };
		9BD9BF0720B36073005336A9 /* AppDelegate.swift */ = {isa = PBXFileReference; lastKnownFileType = sourcecode.swift; path = AppDelegate.swift; sourceTree = "<group>"; };
		9BD9BF0920B36073005336A9 /* ArticleListViewController.swift */ = {isa = PBXFileReference; lastKnownFileType = sourcecode.swift; path = ArticleListViewController.swift; sourceTree = "<group>"; };
		9BD9BF0B20B36073005336A9 /* ArticleDetailViewController.swift */ = {isa = PBXFileReference; lastKnownFileType = sourcecode.swift; path = ArticleDetailViewController.swift; sourceTree = "<group>"; };
		9BD9BF0E20B36073005336A9 /* Base */ = {isa = PBXFileReference; lastKnownFileType = file.storyboard; name = Base; path = Base.lproj/Main.storyboard; sourceTree = "<group>"; };
		9BD9BF1020B36075005336A9 /* Assets.xcassets */ = {isa = PBXFileReference; lastKnownFileType = folder.assetcatalog; path = Assets.xcassets; sourceTree = "<group>"; };
		9BD9BF1320B36075005336A9 /* Base */ = {isa = PBXFileReference; lastKnownFileType = file.storyboard; name = Base; path = Base.lproj/LaunchScreen.storyboard; sourceTree = "<group>"; };
		9BD9BF1520B36075005336A9 /* Info.plist */ = {isa = PBXFileReference; lastKnownFileType = text.plist.xml; path = Info.plist; sourceTree = "<group>"; };
		9BD9BF1A20B36075005336A9 /* NYTimesReaderTests.xctest */ = {isa = PBXFileReference; explicitFileType = wrapper.cfbundle; includeInIndex = 0; path = NYTimesReaderTests.xctest; sourceTree = BUILT_PRODUCTS_DIR; };
		9BD9BF1E20B36075005336A9 /* NYTimesReaderTests.swift */ = {isa = PBXFileReference; lastKnownFileType = sourcecode.swift; path = NYTimesReaderTests.swift; sourceTree = "<group>"; };
		9BD9BF2020B36075005336A9 /* Info.plist */ = {isa = PBXFileReference; lastKnownFileType = text.plist.xml; path = Info.plist; sourceTree = "<group>"; };
		9BD9BF2520B36075005336A9 /* NYTimesReaderUITests.xctest */ = {isa = PBXFileReference; explicitFileType = wrapper.cfbundle; includeInIndex = 0; path = NYTimesReaderUITests.xctest; sourceTree = BUILT_PRODUCTS_DIR; };
		9BD9BF2920B36075005336A9 /* NYTimesReaderUITests.swift */ = {isa = PBXFileReference; lastKnownFileType = sourcecode.swift; path = NYTimesReaderUITests.swift; sourceTree = "<group>"; };
		9BD9BF2B20B36075005336A9 /* Info.plist */ = {isa = PBXFileReference; lastKnownFileType = text.plist.xml; path = Info.plist; sourceTree = "<group>"; };
		9BD9BF3920B361B8005336A9 /* Article.swift */ = {isa = PBXFileReference; lastKnownFileType = sourcecode.swift; path = Article.swift; sourceTree = "<group>"; };
		9BD9BF3C20B36439005336A9 /* ArticlesGateway.swift */ = {isa = PBXFileReference; lastKnownFileType = sourcecode.swift; path = ArticlesGateway.swift; sourceTree = "<group>"; };
		9BD9BF3F20B37565005336A9 /* DisplayArticleListInteractor.swift */ = {isa = PBXFileReference; lastKnownFileType = sourcecode.swift; path = DisplayArticleListInteractor.swift; sourceTree = "<group>"; };
		9BD9BF4420B382AB005336A9 /* PluginFactory.swift */ = {isa = PBXFileReference; lastKnownFileType = sourcecode.swift; path = PluginFactory.swift; sourceTree = "<group>"; };
		9BD9BF4820B382E7005336A9 /* GatewayFactory.swift */ = {isa = PBXFileReference; lastKnownFileType = sourcecode.swift; path = GatewayFactory.swift; sourceTree = "<group>"; };
		9BD9BF4A20B38433005336A9 /* ApiArticlesGateway.swift */ = {isa = PBXFileReference; lastKnownFileType = sourcecode.swift; path = ApiArticlesGateway.swift; sourceTree = "<group>"; };
		9BD9BF4C20B38497005336A9 /* DefaultRestPlugin.swift */ = {isa = PBXFileReference; fileEncoding = 4; lastKnownFileType = sourcecode.swift; path = DefaultRestPlugin.swift; sourceTree = "<group>"; };
		9BD9BF4D20B38497005336A9 /* RestPluginProtocol.swift */ = {isa = PBXFileReference; fileEncoding = 4; lastKnownFileType = sourcecode.swift; path = RestPluginProtocol.swift; sourceTree = "<group>"; };
		9BD9BF5220B4AA05005336A9 /* Constants.swift */ = {isa = PBXFileReference; lastKnownFileType = sourcecode.swift; path = Constants.swift; sourceTree = "<group>"; };
/* End PBXFileReference section */

/* Begin PBXFrameworksBuildPhase section */
		9BD9BF0120B36073005336A9 /* Frameworks */ = {
			isa = PBXFrameworksBuildPhase;
			buildActionMask = 2147483647;
			files = (
				9B98349D20B5F9AD00F46745 /* MBProgressHUD.framework in Frameworks */,
				9B98349E20B5F9AD00F46745 /* SDWebImage.framework in Frameworks */,
			);
			runOnlyForDeploymentPostprocessing = 0;
		};
		9BD9BF1720B36075005336A9 /* Frameworks */ = {
			isa = PBXFrameworksBuildPhase;
			buildActionMask = 2147483647;
			files = (
			);
			runOnlyForDeploymentPostprocessing = 0;
		};
		9BD9BF2220B36075005336A9 /* Frameworks */ = {
			isa = PBXFrameworksBuildPhase;
			buildActionMask = 2147483647;
			files = (
			);
			runOnlyForDeploymentPostprocessing = 0;
		};
/* End PBXFrameworksBuildPhase section */

/* Begin PBXGroup section */
		9B71A79220B4C9230053AF97 /* Scenes */ = {
			isa = PBXGroup;
			children = (
				9B71A79320B4CB3C0053AF97 /* ArticleList */,
				9B71A79420B4CB4B0053AF97 /* ArticleDetails */,
			);
			path = Scenes;
			sourceTree = "<group>";
		};
		9B71A79320B4CB3C0053AF97 /* ArticleList */ = {
			isa = PBXGroup;
			children = (
				9BD9BF0920B36073005336A9 /* ArticleListViewController.swift */,
				9B71A79520B4CC880053AF97 /* ArticleListPresenter.swift */,
				9B71A79920B5DD770053AF97 /* View */,
			);
			path = ArticleList;
			sourceTree = "<group>";
		};
		9B71A79420B4CB4B0053AF97 /* ArticleDetails */ = {
			isa = PBXGroup;
			children = (
				9BD9BF0B20B36073005336A9 /* ArticleDetailViewController.swift */,
				9B9834A020B5FEE200F46745 /* ArticleDetailPresenter.swift */,
			);
			path = ArticleDetails;
			sourceTree = "<group>";
		};
		9B71A79920B5DD770053AF97 /* View */ = {
			isa = PBXGroup;
			children = (
				9B71A79A20B5DDA50053AF97 /* ArticleTableViewCell.swift */,
				9B71A79B20B5DDA50053AF97 /* ArticleTableViewCell.xib */,
			);
			path = View;
			sourceTree = "<group>";
		};
		9B98349A20B5F9AD00F46745 /* Frameworks */ = {
			isa = PBXGroup;
			children = (
				9B98349B20B5F9AD00F46745 /* MBProgressHUD.framework */,
				9B98349C20B5F9AD00F46745 /* SDWebImage.framework */,
			);
			name = Frameworks;
			sourceTree = "<group>";
		};
		9BD9BEFB20B36073005336A9 = {
			isa = PBXGroup;
			children = (
				9BD9BF0620B36073005336A9 /* NYTimesReader */,
				9BD9BF1D20B36075005336A9 /* NYTimesReaderTests */,
				9BD9BF2820B36075005336A9 /* NYTimesReaderUITests */,
				9BD9BF0520B36073005336A9 /* Products */,
				9B98349A20B5F9AD00F46745 /* Frameworks */,
			);
			sourceTree = "<group>";
		};
		9BD9BF0520B36073005336A9 /* Products */ = {
			isa = PBXGroup;
			children = (
				9BD9BF0420B36073005336A9 /* NYTimesReader.app */,
				9BD9BF1A20B36075005336A9 /* NYTimesReaderTests.xctest */,
				9BD9BF2520B36075005336A9 /* NYTimesReaderUITests.xctest */,
			);
			name = Products;
			sourceTree = "<group>";
		};
		9BD9BF0620B36073005336A9 /* NYTimesReader */ = {
			isa = PBXGroup;
			children = (
				9BD9BF3720B36146005336A9 /* Core */,
				9BD9BF4320B3823F005336A9 /* EntityGateway */,
				9BD9BF5120B4A9F0005336A9 /* Other */,
				9B71A79220B4C9230053AF97 /* Scenes */,
				9BD9BF0D20B36073005336A9 /* Main.storyboard */,
				9BD9BF1020B36075005336A9 /* Assets.xcassets */,
				9BD9BF1220B36075005336A9 /* LaunchScreen.storyboard */,
				9BD9BF1520B36075005336A9 /* Info.plist */,
			);
			path = NYTimesReader;
			sourceTree = "<group>";
		};
		9BD9BF1D20B36075005336A9 /* NYTimesReaderTests */ = {
			isa = PBXGroup;
			children = (
				9BD9BF1E20B36075005336A9 /* NYTimesReaderTests.swift */,
				9B9834AC20B6103D00F46745 /* ArticleListPresenterTests.swift */,
				9B9834A220B604C200F46745 /* DummyRestPlugin.swift */,
				9B9834A820B607E800F46745 /* testJson.json */,
				9BD9BF2020B36075005336A9 /* Info.plist */,
			);
			path = NYTimesReaderTests;
			sourceTree = "<group>";
		};
		9BD9BF2820B36075005336A9 /* NYTimesReaderUITests */ = {
			isa = PBXGroup;
			children = (
				9BD9BF2920B36075005336A9 /* NYTimesReaderUITests.swift */,
				9BD9BF2B20B36075005336A9 /* Info.plist */,
			);
			path = NYTimesReaderUITests;
			sourceTree = "<group>";
		};
		9BD9BF3720B36146005336A9 /* Core */ = {
			isa = PBXGroup;
			children = (
				9BD9BF3820B3614E005336A9 /* Entities */,
				9BD9BF3B20B363E6005336A9 /* Gateways */,
				9BD9BF3E20B37514005336A9 /* Interactors */,
				9BD9BF5020B384D4005336A9 /* Plugins */,
			);
			path = Core;
			sourceTree = "<group>";
		};
		9BD9BF3820B3614E005336A9 /* Entities */ = {
			isa = PBXGroup;
			children = (
				9BD9BF3920B361B8005336A9 /* Article.swift */,
			);
			path = Entities;
			sourceTree = "<group>";
		};
		9BD9BF3B20B363E6005336A9 /* Gateways */ = {
			isa = PBXGroup;
			children = (
				9BD9BF3C20B36439005336A9 /* ArticlesGateway.swift */,
			);
			path = Gateways;
			sourceTree = "<group>";
		};
		9BD9BF3E20B37514005336A9 /* Interactors */ = {
			isa = PBXGroup;
			children = (
				9BD9BF3F20B37565005336A9 /* DisplayArticleListInteractor.swift */,
			);
			path = Interactors;
			sourceTree = "<group>";
		};
		9BD9BF4320B3823F005336A9 /* EntityGateway */ = {
			isa = PBXGroup;
			children = (
				9BD9BF4720B382C4005336A9 /* Gateways */,
				9BD9BF4620B382BC005336A9 /* Plugins */,
				9B71A79720B5CF440053AF97 /* Logic.swift */,
			);
			path = EntityGateway;
			sourceTree = "<group>";
		};
		9BD9BF4620B382BC005336A9 /* Plugins */ = {
			isa = PBXGroup;
			children = (
				9BD9BF4420B382AB005336A9 /* PluginFactory.swift */,
				9BD9BF4C20B38497005336A9 /* DefaultRestPlugin.swift */,
			);
			path = Plugins;
			sourceTree = "<group>";
		};
		9BD9BF4720B382C4005336A9 /* Gateways */ = {
			isa = PBXGroup;
			children = (
				9BD9BF4820B382E7005336A9 /* GatewayFactory.swift */,
				9BD9BF4A20B38433005336A9 /* ApiArticlesGateway.swift */,
			);
			path = Gateways;
			sourceTree = "<group>";
		};
		9BD9BF5020B384D4005336A9 /* Plugins */ = {
			isa = PBXGroup;
			children = (
				9BD9BF4D20B38497005336A9 /* RestPluginProtocol.swift */,
			);
			path = Plugins;
			sourceTree = "<group>";
		};
		9BD9BF5120B4A9F0005336A9 /* Other */ = {
			isa = PBXGroup;
			children = (
				9BD9BF5220B4AA05005336A9 /* Constants.swift */,
				9BD9BF0720B36073005336A9 /* AppDelegate.swift */,
			);
			path = Other;
			sourceTree = "<group>";
		};
/* End PBXGroup section */

/* Begin PBXNativeTarget section */
		9BD9BF0320B36073005336A9 /* NYTimesReader */ = {
			isa = PBXNativeTarget;
			buildConfigurationList = 9BD9BF2E20B36075005336A9 /* Build configuration list for PBXNativeTarget "NYTimesReader" */;
			buildPhases = (
				9BD9BF0020B36073005336A9 /* Sources */,
				9BD9BF0120B36073005336A9 /* Frameworks */,
				9BD9BF0220B36073005336A9 /* Resources */,
				9B98349F20B5F9E200F46745 /* ShellScript */,
			);
			buildRules = (
			);
			dependencies = (
			);
			name = NYTimesReader;
			productName = NYTimesReader;
			productReference = 9BD9BF0420B36073005336A9 /* NYTimesReader.app */;
			productType = "com.apple.product-type.application";
		};
		9BD9BF1920B36075005336A9 /* NYTimesReaderTests */ = {
			isa = PBXNativeTarget;
			buildConfigurationList = 9BD9BF3120B36075005336A9 /* Build configuration list for PBXNativeTarget "NYTimesReaderTests" */;
			buildPhases = (
				9BD9BF1620B36075005336A9 /* Sources */,
				9BD9BF1720B36075005336A9 /* Frameworks */,
				9BD9BF1820B36075005336A9 /* Resources */,
			);
			buildRules = (
			);
			dependencies = (
				9BD9BF1C20B36075005336A9 /* PBXTargetDependency */,
			);
			name = NYTimesReaderTests;
			productName = NYTimesReaderTests;
			productReference = 9BD9BF1A20B36075005336A9 /* NYTimesReaderTests.xctest */;
			productType = "com.apple.product-type.bundle.unit-test";
		};
		9BD9BF2420B36075005336A9 /* NYTimesReaderUITests */ = {
			isa = PBXNativeTarget;
			buildConfigurationList = 9BD9BF3420B36075005336A9 /* Build configuration list for PBXNativeTarget "NYTimesReaderUITests" */;
			buildPhases = (
				9BD9BF2120B36075005336A9 /* Sources */,
				9BD9BF2220B36075005336A9 /* Frameworks */,
				9BD9BF2320B36075005336A9 /* Resources */,
			);
			buildRules = (
			);
			dependencies = (
				9BD9BF2720B36075005336A9 /* PBXTargetDependency */,
			);
			name = NYTimesReaderUITests;
			productName = NYTimesReaderUITests;
			productReference = 9BD9BF2520B36075005336A9 /* NYTimesReaderUITests.xctest */;
			productType = "com.apple.product-type.bundle.ui-testing";
		};
/* End PBXNativeTarget section */

/* Begin PBXProject section */
		9BD9BEFC20B36073005336A9 /* Project object */ = {
			isa = PBXProject;
			attributes = {
				LastSwiftUpdateCheck = 0930;
				LastUpgradeCheck = 0930;
				ORGANIZATIONNAME = "Szabó Dániel";
				TargetAttributes = {
					9BD9BF0320B36073005336A9 = {
						CreatedOnToolsVersion = 9.3.1;
					};
					9BD9BF1920B36075005336A9 = {
						CreatedOnToolsVersion = 9.3.1;
						TestTargetID = 9BD9BF0320B36073005336A9;
					};
					9BD9BF2420B36075005336A9 = {
						CreatedOnToolsVersion = 9.3.1;
						TestTargetID = 9BD9BF0320B36073005336A9;
					};
				};
			};
			buildConfigurationList = 9BD9BEFF20B36073005336A9 /* Build configuration list for PBXProject "NYTimesReader" */;
			compatibilityVersion = "Xcode 9.3";
			developmentRegion = en;
			hasScannedForEncodings = 0;
			knownRegions = (
				en,
				Base,
			);
			mainGroup = 9BD9BEFB20B36073005336A9;
			productRefGroup = 9BD9BF0520B36073005336A9 /* Products */;
			projectDirPath = "";
			projectRoot = "";
			targets = (
				9BD9BF0320B36073005336A9 /* NYTimesReader */,
				9BD9BF1920B36075005336A9 /* NYTimesReaderTests */,
				9BD9BF2420B36075005336A9 /* NYTimesReaderUITests */,
			);
		};
/* End PBXProject section */

/* Begin PBXResourcesBuildPhase section */
		9BD9BF0220B36073005336A9 /* Resources */ = {
			isa = PBXResourcesBuildPhase;
			buildActionMask = 2147483647;
			files = (
				9B71A79D20B5DDA50053AF97 /* ArticleTableViewCell.xib in Resources */,
				9BD9BF1420B36075005336A9 /* LaunchScreen.storyboard in Resources */,
				9BD9BF1120B36075005336A9 /* Assets.xcassets in Resources */,
				9BD9BF0F20B36073005336A9 /* Main.storyboard in Resources */,
			);
			runOnlyForDeploymentPostprocessing = 0;
		};
		9BD9BF1820B36075005336A9 /* Resources */ = {
			isa = PBXResourcesBuildPhase;
			buildActionMask = 2147483647;
			files = (
				9B9834A920B607E800F46745 /* testJson.json in Resources */,
			);
			runOnlyForDeploymentPostprocessing = 0;
		};
		9BD9BF2320B36075005336A9 /* Resources */ = {
			isa = PBXResourcesBuildPhase;
			buildActionMask = 2147483647;
			files = (
			);
			runOnlyForDeploymentPostprocessing = 0;
		};
/* End PBXResourcesBuildPhase section */

/* Begin PBXShellScriptBuildPhase section */
		9B98349F20B5F9E200F46745 /* ShellScript */ = {
			isa = PBXShellScriptBuildPhase;
			buildActionMask = 2147483647;
			files = (
			);
			inputPaths = (
				"$(SRCROOT)/Carthage/Build/iOS/MBProgressHUD.framework",
				"$(SRCROOT)/Carthage/Build/iOS/SDWebImage.framework",
			);
			outputPaths = (
				"$(BUILT_PRODUCTS_DIR)/$(FRAMEWORKS_FOLDER_PATH)/MBProgressHUD.framework",
				"$(BUILT_PRODUCTS_DIR)/$(FRAMEWORKS_FOLDER_PATH)/SDWebImage.framework",
			);
			runOnlyForDeploymentPostprocessing = 0;
			shellPath = /bin/sh;
			shellScript = "/usr/local/bin/carthage copy-frameworks";
		};
/* End PBXShellScriptBuildPhase section */

/* Begin PBXSourcesBuildPhase section */
		9BD9BF0020B36073005336A9 /* Sources */ = {
			isa = PBXSourcesBuildPhase;
			buildActionMask = 2147483647;
			files = (
				9BD9BF4920B382E7005336A9 /* GatewayFactory.swift in Sources */,
				9BD9BF4B20B38433005336A9 /* ApiArticlesGateway.swift in Sources */,
				9BD9BF3A20B361B8005336A9 /* Article.swift in Sources */,
				9B71A79620B4CC880053AF97 /* ArticleListPresenter.swift in Sources */,
				9BD9BF0C20B36073005336A9 /* ArticleDetailViewController.swift in Sources */,
				9BD9BF3D20B36439005336A9 /* ArticlesGateway.swift in Sources */,
				9B9834A120B5FEE200F46745 /* ArticleDetailPresenter.swift in Sources */,
				9BD9BF0A20B36073005336A9 /* ArticleListViewController.swift in Sources */,
				9BD9BF5320B4AA05005336A9 /* Constants.swift in Sources */,
				9BD9BF4E20B38497005336A9 /* DefaultRestPlugin.swift in Sources */,
				9BD9BF4520B382AB005336A9 /* PluginFactory.swift in Sources */,
				9B71A79C20B5DDA50053AF97 /* ArticleTableViewCell.swift in Sources */,
				9B71A79820B5CF440053AF97 /* Logic.swift in Sources */,
				9BD9BF4020B37565005336A9 /* DisplayArticleListInteractor.swift in Sources */,
				9BD9BF4F20B38497005336A9 /* RestPluginProtocol.swift in Sources */,
				9BD9BF0820B36073005336A9 /* AppDelegate.swift in Sources */,
			);
			runOnlyForDeploymentPostprocessing = 0;
		};
		9BD9BF1620B36075005336A9 /* Sources */ = {
			isa = PBXSourcesBuildPhase;
			buildActionMask = 2147483647;
			files = (
				9BD9BF1F20B36075005336A9 /* NYTimesReaderTests.swift in Sources */,
				9B9834B120B6116500F46745 /* GatewayFactory.swift in Sources */,
				9B9834AD20B6103D00F46745 /* ArticleListPresenterTests.swift in Sources */,
				9B9834AA20B6097300F46745 /* ApiArticlesGateway.swift in Sources */,
				9B9834B220B6116B00F46745 /* DefaultRestPlugin.swift in Sources */,
				9B9834AF20B6115600F46745 /* Logic.swift in Sources */,
				9B9834AE20B6114800F46745 /* ArticleListPresenter.swift in Sources */,
				9B9834A420B604E500F46745 /* RestPluginProtocol.swift in Sources */,
				9B9834A720B604F000F46745 /* Article.swift in Sources */,
				9B9834A620B604ED00F46745 /* ArticlesGateway.swift in Sources */,
				9B9834A520B604EA00F46745 /* DisplayArticleListInteractor.swift in Sources */,
				9B9834B020B6116100F46745 /* PluginFactory.swift in Sources */,
				9B9834A320B604C200F46745 /* DummyRestPlugin.swift in Sources */,
				9B9834AB20B6098D00F46745 /* Constants.swift in Sources */,
			);
			runOnlyForDeploymentPostprocessing = 0;
		};
		9BD9BF2120B36075005336A9 /* Sources */ = {
			isa = PBXSourcesBuildPhase;
			buildActionMask = 2147483647;
			files = (
				9BD9BF2A20B36075005336A9 /* NYTimesReaderUITests.swift in Sources */,
			);
			runOnlyForDeploymentPostprocessing = 0;
		};
/* End PBXSourcesBuildPhase section */

/* Begin PBXTargetDependency section */
		9BD9BF1C20B36075005336A9 /* PBXTargetDependency */ = {
			isa = PBXTargetDependency;
			target = 9BD9BF0320B36073005336A9 /* NYTimesReader */;
			targetProxy = 9BD9BF1B20B36075005336A9 /* PBXContainerItemProxy */;
		};
		9BD9BF2720B36075005336A9 /* PBXTargetDependency */ = {
			isa = PBXTargetDependency;
			target = 9BD9BF0320B36073005336A9 /* NYTimesReader */;
			targetProxy = 9BD9BF2620B36075005336A9 /* PBXContainerItemProxy */;
		};
/* End PBXTargetDependency section */

/* Begin PBXVariantGroup section */
		9BD9BF0D20B36073005336A9 /* Main.storyboard */ = {
			isa = PBXVariantGroup;
			children = (
				9BD9BF0E20B36073005336A9 /* Base */,
			);
			name = Main.storyboard;
			sourceTree = "<group>";
		};
		9BD9BF1220B36075005336A9 /* LaunchScreen.storyboard */ = {
			isa = PBXVariantGroup;
			children = (
				9BD9BF1320B36075005336A9 /* Base */,
			);
			name = LaunchScreen.storyboard;
			sourceTree = "<group>";
		};
/* End PBXVariantGroup section */

/* Begin XCBuildConfiguration section */
		9BD9BF2C20B36075005336A9 /* Debug */ = {
			isa = XCBuildConfiguration;
			buildSettings = {
				ALWAYS_SEARCH_USER_PATHS = NO;
				CLANG_ANALYZER_NONNULL = YES;
				CLANG_ANALYZER_NUMBER_OBJECT_CONVERSION = YES_AGGRESSIVE;
				CLANG_CXX_LANGUAGE_STANDARD = "gnu++14";
				CLANG_CXX_LIBRARY = "libc++";
				CLANG_ENABLE_MODULES = YES;
				CLANG_ENABLE_OBJC_ARC = YES;
				CLANG_ENABLE_OBJC_WEAK = YES;
				CLANG_WARN_BLOCK_CAPTURE_AUTORELEASING = YES;
				CLANG_WARN_BOOL_CONVERSION = YES;
				CLANG_WARN_COMMA = YES;
				CLANG_WARN_CONSTANT_CONVERSION = YES;
				CLANG_WARN_DEPRECATED_OBJC_IMPLEMENTATIONS = YES;
				CLANG_WARN_DIRECT_OBJC_ISA_USAGE = YES_ERROR;
				CLANG_WARN_DOCUMENTATION_COMMENTS = YES;
				CLANG_WARN_EMPTY_BODY = YES;
				CLANG_WARN_ENUM_CONVERSION = YES;
				CLANG_WARN_INFINITE_RECURSION = YES;
				CLANG_WARN_INT_CONVERSION = YES;
				CLANG_WARN_NON_LITERAL_NULL_CONVERSION = YES;
				CLANG_WARN_OBJC_IMPLICIT_RETAIN_SELF = YES;
				CLANG_WARN_OBJC_LITERAL_CONVERSION = YES;
				CLANG_WARN_OBJC_ROOT_CLASS = YES_ERROR;
				CLANG_WARN_RANGE_LOOP_ANALYSIS = YES;
				CLANG_WARN_STRICT_PROTOTYPES = YES;
				CLANG_WARN_SUSPICIOUS_MOVE = YES;
				CLANG_WARN_UNGUARDED_AVAILABILITY = YES_AGGRESSIVE;
				CLANG_WARN_UNREACHABLE_CODE = YES;
				CLANG_WARN__DUPLICATE_METHOD_MATCH = YES;
				CODE_SIGN_IDENTITY = "iPhone Developer";
				COPY_PHASE_STRIP = NO;
				DEBUG_INFORMATION_FORMAT = dwarf;
				ENABLE_STRICT_OBJC_MSGSEND = YES;
				ENABLE_TESTABILITY = YES;
				GCC_C_LANGUAGE_STANDARD = gnu11;
				GCC_DYNAMIC_NO_PIC = NO;
				GCC_NO_COMMON_BLOCKS = YES;
				GCC_OPTIMIZATION_LEVEL = 0;
				GCC_PREPROCESSOR_DEFINITIONS = (
					"DEBUG=1",
					"$(inherited)",
				);
				GCC_WARN_64_TO_32_BIT_CONVERSION = YES;
				GCC_WARN_ABOUT_RETURN_TYPE = YES_ERROR;
				GCC_WARN_UNDECLARED_SELECTOR = YES;
				GCC_WARN_UNINITIALIZED_AUTOS = YES_AGGRESSIVE;
				GCC_WARN_UNUSED_FUNCTION = YES;
				GCC_WARN_UNUSED_VARIABLE = YES;
				IPHONEOS_DEPLOYMENT_TARGET = 11.3;
				MTL_ENABLE_DEBUG_INFO = YES;
				ONLY_ACTIVE_ARCH = YES;
				SDKROOT = iphoneos;
				SWIFT_ACTIVE_COMPILATION_CONDITIONS = DEBUG;
				SWIFT_OPTIMIZATION_LEVEL = "-Onone";
			};
			name = Debug;
		};
		9BD9BF2D20B36075005336A9 /* Release */ = {
			isa = XCBuildConfiguration;
			buildSettings = {
				ALWAYS_SEARCH_USER_PATHS = NO;
				CLANG_ANALYZER_NONNULL = YES;
				CLANG_ANALYZER_NUMBER_OBJECT_CONVERSION = YES_AGGRESSIVE;
				CLANG_CXX_LANGUAGE_STANDARD = "gnu++14";
				CLANG_CXX_LIBRARY = "libc++";
				CLANG_ENABLE_MODULES = YES;
				CLANG_ENABLE_OBJC_ARC = YES;
				CLANG_ENABLE_OBJC_WEAK = YES;
				CLANG_WARN_BLOCK_CAPTURE_AUTORELEASING = YES;
				CLANG_WARN_BOOL_CONVERSION = YES;
				CLANG_WARN_COMMA = YES;
				CLANG_WARN_CONSTANT_CONVERSION = YES;
				CLANG_WARN_DEPRECATED_OBJC_IMPLEMENTATIONS = YES;
				CLANG_WARN_DIRECT_OBJC_ISA_USAGE = YES_ERROR;
				CLANG_WARN_DOCUMENTATION_COMMENTS = YES;
				CLANG_WARN_EMPTY_BODY = YES;
				CLANG_WARN_ENUM_CONVERSION = YES;
				CLANG_WARN_INFINITE_RECURSION = YES;
				CLANG_WARN_INT_CONVERSION = YES;
				CLANG_WARN_NON_LITERAL_NULL_CONVERSION = YES;
				CLANG_WARN_OBJC_IMPLICIT_RETAIN_SELF = YES;
				CLANG_WARN_OBJC_LITERAL_CONVERSION = YES;
				CLANG_WARN_OBJC_ROOT_CLASS = YES_ERROR;
				CLANG_WARN_RANGE_LOOP_ANALYSIS = YES;
				CLANG_WARN_STRICT_PROTOTYPES = YES;
				CLANG_WARN_SUSPICIOUS_MOVE = YES;
				CLANG_WARN_UNGUARDED_AVAILABILITY = YES_AGGRESSIVE;
				CLANG_WARN_UNREACHABLE_CODE = YES;
				CLANG_WARN__DUPLICATE_METHOD_MATCH = YES;
				CODE_SIGN_IDENTITY = "iPhone Developer";
				COPY_PHASE_STRIP = NO;
				DEBUG_INFORMATION_FORMAT = "dwarf-with-dsym";
				ENABLE_NS_ASSERTIONS = NO;
				ENABLE_STRICT_OBJC_MSGSEND = YES;
				GCC_C_LANGUAGE_STANDARD = gnu11;
				GCC_NO_COMMON_BLOCKS = YES;
				GCC_WARN_64_TO_32_BIT_CONVERSION = YES;
				GCC_WARN_ABOUT_RETURN_TYPE = YES_ERROR;
				GCC_WARN_UNDECLARED_SELECTOR = YES;
				GCC_WARN_UNINITIALIZED_AUTOS = YES_AGGRESSIVE;
				GCC_WARN_UNUSED_FUNCTION = YES;
				GCC_WARN_UNUSED_VARIABLE = YES;
				IPHONEOS_DEPLOYMENT_TARGET = 11.3;
				MTL_ENABLE_DEBUG_INFO = NO;
				SDKROOT = iphoneos;
				SWIFT_COMPILATION_MODE = wholemodule;
				SWIFT_OPTIMIZATION_LEVEL = "-O";
				VALIDATE_PRODUCT = YES;
			};
			name = Release;
		};
		9BD9BF2F20B36075005336A9 /* Debug */ = {
			isa = XCBuildConfiguration;
			buildSettings = {
				ASSETCATALOG_COMPILER_APPICON_NAME = AppIcon;
				CODE_SIGN_STYLE = Automatic;
				DEVELOPMENT_TEAM = SVU3484F82;
				FRAMEWORK_SEARCH_PATHS = (
					"$(inherited)",
					"$(PROJECT_DIR)/Carthage/Build/iOS",
				);
				INFOPLIST_FILE = NYTimesReader/Info.plist;
				IPHONEOS_DEPLOYMENT_TARGET = 11.0;
				LD_RUNPATH_SEARCH_PATHS = (
					"$(inherited)",
					"@executable_path/Frameworks",
				);
				PRODUCT_BUNDLE_IDENTIFIER = com.danielszabo.NYTimesReader;
				PRODUCT_NAME = "$(TARGET_NAME)";
				SWIFT_VERSION = 4.0;
				TARGETED_DEVICE_FAMILY = "1,2";
			};
			name = Debug;
		};
		9BD9BF3020B36075005336A9 /* Release */ = {
			isa = XCBuildConfiguration;
			buildSettings = {
				ASSETCATALOG_COMPILER_APPICON_NAME = AppIcon;
				CODE_SIGN_STYLE = Automatic;
				DEVELOPMENT_TEAM = SVU3484F82;
				FRAMEWORK_SEARCH_PATHS = (
					"$(inherited)",
					"$(PROJECT_DIR)/Carthage/Build/iOS",
				);
				INFOPLIST_FILE = NYTimesReader/Info.plist;
				IPHONEOS_DEPLOYMENT_TARGET = 11.0;
				LD_RUNPATH_SEARCH_PATHS = (
					"$(inherited)",
					"@executable_path/Frameworks",
				);
				PRODUCT_BUNDLE_IDENTIFIER = com.danielszabo.NYTimesReader;
				PRODUCT_NAME = "$(TARGET_NAME)";
				SWIFT_VERSION = 4.0;
				TARGETED_DEVICE_FAMILY = "1,2";
			};
			name = Release;
		};
		9BD9BF3220B36075005336A9 /* Debug */ = {
			isa = XCBuildConfiguration;
			buildSettings = {
				ALWAYS_EMBED_SWIFT_STANDARD_LIBRARIES = YES;
				BUNDLE_LOADER = "$(TEST_HOST)";
				CODE_SIGN_STYLE = Automatic;
				DEVELOPMENT_TEAM = Z29N58AH6V;
				INFOPLIST_FILE = NYTimesReaderTests/Info.plist;
				LD_RUNPATH_SEARCH_PATHS = (
					"$(inherited)",
					"@executable_path/Frameworks",
					"@loader_path/Frameworks",
				);
				PRODUCT_BUNDLE_IDENTIFIER = hu.danielszabo.NYTimesReaderTests;
				PRODUCT_NAME = "$(TARGET_NAME)";
				SWIFT_VERSION = 4.0;
				TARGETED_DEVICE_FAMILY = "1,2";
				TEST_HOST = "$(BUILT_PRODUCTS_DIR)/NYTimesReader.app/NYTimesReader";
			};
			name = Debug;
		};
		9BD9BF3320B36075005336A9 /* Release */ = {
			isa = XCBuildConfiguration;
			buildSettings = {
				ALWAYS_EMBED_SWIFT_STANDARD_LIBRARIES = YES;
				BUNDLE_LOADER = "$(TEST_HOST)";
				CODE_SIGN_STYLE = Automatic;
				DEVELOPMENT_TEAM = Z29N58AH6V;
				INFOPLIST_FILE = NYTimesReaderTests/Info.plist;
				LD_RUNPATH_SEARCH_PATHS = (
					"$(inherited)",
					"@executable_path/Frameworks",
					"@loader_path/Frameworks",
				);
				PRODUCT_BUNDLE_IDENTIFIER = hu.danielszabo.NYTimesReaderTests;
				PRODUCT_NAME = "$(TARGET_NAME)";
				SWIFT_VERSION = 4.0;
				TARGETED_DEVICE_FAMILY = "1,2";
				TEST_HOST = "$(BUILT_PRODUCTS_DIR)/NYTimesReader.app/NYTimesReader";
			};
			name = Release;
		};
		9BD9BF3520B36075005336A9 /* Debug */ = {
			isa = XCBuildConfiguration;
			buildSettings = {
				ALWAYS_EMBED_SWIFT_STANDARD_LIBRARIES = YES;
				CODE_SIGN_STYLE = Automatic;
				DEVELOPMENT_TEAM = Z29N58AH6V;
				INFOPLIST_FILE = NYTimesReaderUITests/Info.plist;
				LD_RUNPATH_SEARCH_PATHS = (
					"$(inherited)",
					"@executable_path/Frameworks",
					"@loader_path/Frameworks",
				);
				PRODUCT_BUNDLE_IDENTIFIER = hu.danielszabo.NYTimesReaderUITests;
				PRODUCT_NAME = "$(TARGET_NAME)";
				SWIFT_VERSION = 4.0;
				TARGETED_DEVICE_FAMILY = "1,2";
				TEST_TARGET_NAME = NYTimesReader;
			};
			name = Debug;
		};
		9BD9BF3620B36075005336A9 /* Release */ = {
			isa = XCBuildConfiguration;
			buildSettings = {
				ALWAYS_EMBED_SWIFT_STANDARD_LIBRARIES = YES;
				CODE_SIGN_STYLE = Automatic;
				DEVELOPMENT_TEAM = Z29N58AH6V;
				INFOPLIST_FILE = NYTimesReaderUITests/Info.plist;
				LD_RUNPATH_SEARCH_PATHS = (
					"$(inherited)",
					"@executable_path/Frameworks",
					"@loader_path/Frameworks",
				);
				PRODUCT_BUNDLE_IDENTIFIER = hu.danielszabo.NYTimesReaderUITests;
				PRODUCT_NAME = "$(TARGET_NAME)";
				SWIFT_VERSION = 4.0;
				TARGETED_DEVICE_FAMILY = "1,2";
				TEST_TARGET_NAME = NYTimesReader;
			};
			name = Release;
		};
/* End XCBuildConfiguration section */

/* Begin XCConfigurationList section */
		9BD9BEFF20B36073005336A9 /* Build configuration list for PBXProject "NYTimesReader" */ = {
			isa = XCConfigurationList;
			buildConfigurations = (
				9BD9BF2C20B36075005336A9 /* Debug */,
				9BD9BF2D20B36075005336A9 /* Release */,
			);
			defaultConfigurationIsVisible = 0;
			defaultConfigurationName = Release;
		};
		9BD9BF2E20B36075005336A9 /* Build configuration list for PBXNativeTarget "NYTimesReader" */ = {
			isa = XCConfigurationList;
			buildConfigurations = (
				9BD9BF2F20B36075005336A9 /* Debug */,
				9BD9BF3020B36075005336A9 /* Release */,
			);
			defaultConfigurationIsVisible = 0;
			defaultConfigurationName = Release;
		};
		9BD9BF3120B36075005336A9 /* Build configuration list for PBXNativeTarget "NYTimesReaderTests" */ = {
			isa = XCConfigurationList;
			buildConfigurations = (
				9BD9BF3220B36075005336A9 /* Debug */,
				9BD9BF3320B36075005336A9 /* Release */,
			);
			defaultConfigurationIsVisible = 0;
			defaultConfigurationName = Release;
		};
		9BD9BF3420B36075005336A9 /* Build configuration list for PBXNativeTarget "NYTimesReaderUITests" */ = {
			isa = XCConfigurationList;
			buildConfigurations = (
				9BD9BF3520B36075005336A9 /* Debug */,
				9BD9BF3620B36075005336A9 /* Release */,
			);
			defaultConfigurationIsVisible = 0;
			defaultConfigurationName = Release;
		};
/* End XCConfigurationList section */
	};
	rootObject = 9BD9BEFC20B36073005336A9 /* Project object */;
}
